
Microsoft Visual Studio Solution File, Format Version 12.00
# Visual Studio Version 17
VisualStudioVersion = 17.3.32929.385
MinimumVisualStudioVersion = 10.0.40219.1
Project("{FAE04EC0-301F-11D3-BF4B-00C04F79EFBC}") = "laba 3", "laba 3\laba 3.csproj", "{A0524C2E-E5CF-4FA8-9669-E564DCA019D0}"
EndProject
Global
	GlobalSection(SolutionConfigurationPlatforms) = preSolution
		Debug|Any CPU = Debug|Any CPU
		Release|Any CPU = Release|Any CPU
	EndGlobalSection
	GlobalSection(ProjectConfigurationPlatforms) = postSolution
		{A0524C2E-E5CF-4FA8-9669-E564DCA019D0}.Debug|Any CPU.ActiveCfg = Debug|Any CPU
		{A0524C2E-E5CF-4FA8-9669-E564DCA019D0}.Debug|Any CPU.Build.0 = Debug|Any CPU
		{A0524C2E-E5CF-4FA8-9669-E564DCA019D0}.Release|Any CPU.ActiveCfg = Release|Any CPU
		{A0524C2E-E5CF-4FA8-9669-E564DCA019D0}.Release|Any CPU.Build.0 = Release|Any CPU
	EndGlobalSection
	GlobalSection(SolutionProperties) = preSolution
		HideSolutionNode = FALSE
	EndGlobalSection
	GlobalSection(ExtensibilityGlobals) = postSolution
		SolutionGuid = {AAA2C14F-6EDC-432F-8DD1-6AB4BDB0CD32}
	EndGlobalSection
EndGlobal
